
Microsoft Visual Studio Solution File, Format Version 11.00
# Visual Studio 2010
Project("{FAE04EC0-301F-11D3-BF4B-00C04F79EFBC}") = "Week5_game2", "Assembly-CSharp.csproj", "{A6F096B1-320B-D6C3-6137-0B81EC281644}"
EndProject
Project("{FAE04EC0-301F-11D3-BF4B-00C04F79EFBC}") = "Week5_game2", "Assembly-CSharp-firstpass.csproj", "{C3ACDBC1-923B-096E-C2E9-724FAD688821}"
EndProject
Global
	GlobalSection(SolutionConfigurationPlatforms) = preSolution
		Debug|Any CPU = Debug|Any CPU
		Release|Any CPU = Release|Any CPU
	EndGlobalSection
	GlobalSection(ProjectConfigurationPlatforms) = postSolution
		{A6F096B1-320B-D6C3-6137-0B81EC281644}.Debug|Any CPU.ActiveCfg = Debug|Any CPU
		{A6F096B1-320B-D6C3-6137-0B81EC281644}.Debug|Any CPU.Build.0 = Debug|Any CPU
		{A6F096B1-320B-D6C3-6137-0B81EC281644}.Release|Any CPU.ActiveCfg = Release|Any CPU
		{A6F096B1-320B-D6C3-6137-0B81EC281644}.Release|Any CPU.Build.0 = Release|Any CPU
		{C3ACDBC1-923B-096E-C2E9-724FAD688821}.Debug|Any CPU.ActiveCfg = Debug|Any CPU
		{C3ACDBC1-923B-096E-C2E9-724FAD688821}.Debug|Any CPU.Build.0 = Debug|Any CPU
		{C3ACDBC1-923B-096E-C2E9-724FAD688821}.Release|Any CPU.ActiveCfg = Release|Any CPU
		{C3ACDBC1-923B-096E-C2E9-724FAD688821}.Release|Any CPU.Build.0 = Release|Any CPU
	EndGlobalSection
	GlobalSection(SolutionProperties) = preSolution
		HideSolutionNode = FALSE
	EndGlobalSection
	GlobalSection(MonoDevelopProperties) = preSolution
		StartupItem = Assembly-CSharp.csproj
	EndGlobalSection
EndGlobal
